
Microsoft Visual Studio Solution File, Format Version 12.00
# Visual Studio Version 17
VisualStudioVersion = 17.10.35122.118
MinimumVisualStudioVersion = 10.0.40219.1
Project("{FAE04EC0-301F-11D3-BF4B-00C04F79EFBC}") = "sistema_ventas_peliculas_2", "sistema_ventas_peliculas_2\sistema_ventas_peliculas_2.csproj", "{75EF0DA8-9660-4FBC-98BF-C2CED4A5F6F1}"
EndProject
Global
	GlobalSection(SolutionConfigurationPlatforms) = preSolution
		Debug|Any CPU = Debug|Any CPU
		Release|Any CPU = Release|Any CPU
	EndGlobalSection
	GlobalSection(ProjectConfigurationPlatforms) = postSolution
		{75EF0DA8-9660-4FBC-98BF-C2CED4A5F6F1}.Debug|Any CPU.ActiveCfg = Debug|Any CPU
		{75EF0DA8-9660-4FBC-98BF-C2CED4A5F6F1}.Debug|Any CPU.Build.0 = Debug|Any CPU
		{75EF0DA8-9660-4FBC-98BF-C2CED4A5F6F1}.Release|Any CPU.ActiveCfg = Release|Any CPU
		{75EF0DA8-9660-4FBC-98BF-C2CED4A5F6F1}.Release|Any CPU.Build.0 = Release|Any CPU
	EndGlobalSection
	GlobalSection(SolutionProperties) = preSolution
		HideSolutionNode = FALSE
	EndGlobalSection
	GlobalSection(ExtensibilityGlobals) = postSolution
		SolutionGuid = {F3D0D5F5-BE74-4431-A6DB-5F8DAC7D7298}
	EndGlobalSection
EndGlobal
